
Microsoft Visual Studio Solution File, Format Version 12.00
# Visual Studio 2013
VisualStudioVersion = 12.0.31101.0
MinimumVisualStudioVersion = 10.0.40219.1
Project("{8BC9CEB8-8B4A-11D0-8D11-00A0C91BC942}") = "ObjectFactory", "ObjectFactory\ObjectFactory.vcxproj", "{3D2CB1B4-BE51-40C9-B00B-607AB50967CC}"
EndProject
Project("{8BC9CEB8-8B4A-11D0-8D11-00A0C91BC942}") = "ObjectFactory.Tests", "ObjectFactory.Tests\ObjectFactory.Tests.vcxproj", "{754865D5-ACEA-4275-85BA-1CFCF662766D}"
EndProject
Project("{2150E333-8FDC-42A3-9474-1A3956D46DE8}") = "Tests", "Tests", "{E992237A-C761-44C5-A8C5-AC9123F57437}"
EndProject
Global
	GlobalSection(SolutionConfigurationPlatforms) = preSolution
		Debug|Win32 = Debug|Win32
		Release|Win32 = Release|Win32
	EndGlobalSection
	GlobalSection(ProjectConfigurationPlatforms) = postSolution
		{3D2CB1B4-BE51-40C9-B00B-607AB50967CC}.Debug|Win32.ActiveCfg = Debug|Win32
		{3D2CB1B4-BE51-40C9-B00B-607AB50967CC}.Debug|Win32.Build.0 = Debug|Win32
		{3D2CB1B4-BE51-40C9-B00B-607AB50967CC}.Release|Win32.ActiveCfg = Release|Win32
		{3D2CB1B4-BE51-40C9-B00B-607AB50967CC}.Release|Win32.Build.0 = Release|Win32
		{754865D5-ACEA-4275-85BA-1CFCF662766D}.Debug|Win32.ActiveCfg = Debug|Win32
		{754865D5-ACEA-4275-85BA-1CFCF662766D}.Debug|Win32.Build.0 = Debug|Win32
		{754865D5-ACEA-4275-85BA-1CFCF662766D}.Release|Win32.ActiveCfg = Release|Win32
		{754865D5-ACEA-4275-85BA-1CFCF662766D}.Release|Win32.Build.0 = Release|Win32
	EndGlobalSection
	GlobalSection(SolutionProperties) = preSolution
		HideSolutionNode = FALSE
	EndGlobalSection
	GlobalSection(NestedProjects) = preSolution
		{754865D5-ACEA-4275-85BA-1CFCF662766D} = {E992237A-C761-44C5-A8C5-AC9123F57437}
	EndGlobalSection
EndGlobal
